
Microsoft Visual Studio Solution File, Format Version 12.00
# Visual Studio Version 17
VisualStudioVersion = 17.3.32804.467
MinimumVisualStudioVersion = 10.0.40219.1
Project("{FAE04EC0-301F-11D3-BF4B-00C04F79EFBC}") = "Primeiro Projeto", "Primeiro Projeto\Primeiro Projeto.csproj", "{43895CFF-CD20-423A-9CD2-61AAFE98470D}"
EndProject
Global
	GlobalSection(SolutionConfigurationPlatforms) = preSolution
		Debug|Any CPU = Debug|Any CPU
		Release|Any CPU = Release|Any CPU
	EndGlobalSection
	GlobalSection(ProjectConfigurationPlatforms) = postSolution
		{43895CFF-CD20-423A-9CD2-61AAFE98470D}.Debug|Any CPU.ActiveCfg = Debug|Any CPU
		{43895CFF-CD20-423A-9CD2-61AAFE98470D}.Debug|Any CPU.Build.0 = Debug|Any CPU
		{43895CFF-CD20-423A-9CD2-61AAFE98470D}.Release|Any CPU.ActiveCfg = Release|Any CPU
		{43895CFF-CD20-423A-9CD2-61AAFE98470D}.Release|Any CPU.Build.0 = Release|Any CPU
	EndGlobalSection
	GlobalSection(SolutionProperties) = preSolution
		HideSolutionNode = FALSE
	EndGlobalSection
	GlobalSection(ExtensibilityGlobals) = postSolution
		SolutionGuid = {57FDBBC9-2C48-4A0C-8D8C-9F2172D551C0}
	EndGlobalSection
EndGlobal
